<?xml version="1.0" encoding="UTF-8"?>
<CONFIG>
  <ProjectOptions>
    <Version Value="9"/>
    <General>
      <MainUnit Value="0"/>
      <Title Value="Meta-Literature"/>
      <ResourceType Value="res"/>
      <UseXPManifest Value="True"/>
      <Icon Value="0"/>
    </General>
    <i18n>
      <EnableI18N LFM="False"/>
    </i18n>
    <VersionInfo>
      <UseVersionInfo Value="True"/>
      <MinorVersionNr Value="1"/>
      <StringTable ProductVersion=""/>
    </VersionInfo>
    <BuildModes Count="1" Active="Default">
      <Item1 Name="Default" Default="True"/>
    </BuildModes>
    <PublishOptions>
      <Version Value="2"/>
    </PublishOptions>
    <RunParams>
      <local>
        <FormatVersion Value="1"/>
      </local>
    </RunParams>
    <RequiredPackages Count="1">
      <Item1>
        <PackageName Value="LCL"/>
      </Item1>
    </RequiredPackages>
    <Units Count="8">
      <Unit0>
        <Filename Value="metaliterature.lpr"/>
        <IsPartOfProject Value="True"/>
        <IsVisibleTab Value="True"/>
        <CursorPos X="24" Y="15"/>
        <UsageCount Value="21"/>
        <Loaded Value="True"/>
      </Unit0>
      <Unit1>
        <Filename Value="gcarreno.metalit.forms.main.pas"/>
        <IsPartOfProject Value="True"/>
        <ComponentName Value="frmMain"/>
        <HasResources Value="True"/>
        <ResourceBaseClass Value="Form"/>
        <UnitName Value="GCarreno.MetaLit.Forms.Main"/>
        <EditorIndex Value="1"/>
        <TopLine Value="3"/>
        <CursorPos Y="27"/>
        <UsageCount Value="21"/>
        <Loaded Value="True"/>
        <LoadedDesigner Value="True"/>
      </Unit1>
      <Unit2>
        <Filename Value="../src/gcarreno.metalit.rules.pas"/>
        <IsPartOfProject Value="True"/>
        <UnitName Value="GCarreno.MetaLit.Rules"/>
        <EditorIndex Value="2"/>
        <TopLine Value="2"/>
        <CursorPos Y="27"/>
        <UsageCount Value="21"/>
        <Loaded Value="True"/>
      </Unit2>
      <Unit3>
        <Filename Value="../src/gcarreno.metalit.plugin.pas"/>
        <IsPartOfProject Value="True"/>
        <UnitName Value="GCarreno.MetaLit.Plugin"/>
        <EditorIndex Value="3"/>
        <TopLine Value="2"/>
        <CursorPos Y="27"/>
        <UsageCount Value="21"/>
        <Loaded Value="True"/>
      </Unit3>
      <Unit4>
        <Filename Value="../../../Dropbox/LazComponents/LazRGBGraphics-0.2.1/rgbgtkroutines.pas"/>
        <EditorIndex Value="-1"/>
        <TopLine Value="28"/>
        <CursorPos X="3" Y="41"/>
        <UsageCount Value="10"/>
      </Unit4>
      <Unit5>
        <Filename Value="../../../Development/FreePascal/fpc/packages/fpgtk/src/editor/gtkdef.pp"/>
        <EditorIndex Value="-1"/>
        <UsageCount Value="10"/>
      </Unit5>
      <Unit6>
        <Filename Value="../../../Development/FreePascal/lazarus/lcl/interfaces/gtk/gtkdef.pp"/>
        <EditorIndex Value="-1"/>
        <TopLine Value="112"/>
        <CursorPos X="18" Y="125"/>
        <UsageCount Value="10"/>
      </Unit6>
      <Unit7>
        <Filename Value="../../../Dropbox/LazComponents/powerpdf_0.9.12_20141205/PdfDoc.pas"/>
        <EditorIndex Value="-1"/>
        <TopLine Value="619"/>
        <CursorPos X="5" Y="632"/>
        <UsageCount Value="10"/>
        <DefaultSyntaxHighlighter Value="Delphi"/>
      </Unit7>
    </Units>
    <CustomDefines Count="2">
      <Define0 Value="UseCThreads"/>
      <Define1 Value="GTK_POST_0924"/>
    </CustomDefines>
    <JumpHistory HistoryIndex="-1"/>
  </ProjectOptions>
  <CompilerOptions>
    <Version Value="11"/>
    <Target>
      <Filename Value="../bin/metaliterature_$(TargetCPU)-$(TargetOS)"/>
    </Target>
    <SearchPaths>
      <IncludeFiles Value="$(ProjOutDir)"/>
      <OtherUnitFiles Value="../bin;../src"/>
      <UnitOutputDirectory Value="../bin/lib/$(TargetCPU)-$(TargetOS)"/>
    </SearchPaths>
    <Linking>
      <Options>
        <Win32>
          <GraphicApplication Value="True"/>
        </Win32>
      </Options>
    </Linking>
    <Other>
      <CustomOptions Value="-dUseCThreads"/>
    </Other>
  </CompilerOptions>
  <Debugging>
    <Exceptions Count="3">
      <Item1>
        <Name Value="EAbort"/>
      </Item1>
      <Item2>
        <Name Value="ECodetoolError"/>
      </Item2>
      <Item3>
        <Name Value="EFOpenError"/>
      </Item3>
    </Exceptions>
  </Debugging>
</CONFIG>
